<?xml version="1.0" encoding="utf-8"?>
<Project ToolsVersion="4.0" xmlns="http://schemas.microsoft.com/developer/msbuild/2003">
  <ItemGroup>
    <Filter Include="Archivos de origen">
      <UniqueIdentifier>{4FC737F1-C7A5-4376-A066-2A32D752A2FF}</UniqueIdentifier>
      <Extensions>cpp;c;cc;cxx;c++;cppm;ixx;def;odl;idl;hpj;bat;asm;asmx</Extensions>
    </Filter>
    <Filter Include="Archivos de encabezado">
      <UniqueIdentifier>{93995380-89BD-4b04-88EB-625FBE52EBFB}</UniqueIdentifier>
      <Extensions>h;hh;hpp;hxx;h++;hm;inl;inc;ipp;xsd</Extensions>
    </Filter>
    <Filter Include="Archivos de recursos">
      <UniqueIdentifier>{67DA6AB6-F800-4c08-8B7A-83BB121AAD01}</UniqueIdentifier>
      <Extensions>rc;ico;cur;bmp;dlg;rc2;rct;bin;rgs;gif;jpg;jpeg;jpe;resx;tiff;tif;png;wav;mfcribbon-ms</Extensions>
    </Filter>
    <Filter Include="Archivos de origen\SDLUtils">
      <UniqueIdentifier>{11e339a0-aaab-4459-94a6-3245361a1084}</UniqueIdentifier>
    </Filter>
    <Filter Include="Archivos de origen\Utils">
      <UniqueIdentifier>{cf565554-4914-48b0-b063-e1e853fa134c}</UniqueIdentifier>
    </Filter>
    <Filter Include="Archivos de origen\Other">
      <UniqueIdentifier>{0caa539a-2386-48f7-9d5e-f8da25a47a98}</UniqueIdentifier>
    </Filter>
  </ItemGroup>
  <ItemGroup>
    <ClCompile Include="main.cpp">
      <Filter>Archivos de origen</Filter>
    </ClCompile>
    <ClCompile Include="daRender.cpp">
      <Filter>Archivos de origen</Filter>
    </ClCompile>
    <ClCompile Include="Entity.cpp">
      <Filter>Archivos de origen\Utils</Filter>
    </ClCompile>
    <ClCompile Include="Math.cpp">
      <Filter>Archivos de origen\Utils</Filter>
    </ClCompile>
    <ClCompile Include="Vector2D.cpp">
      <Filter>Archivos de origen\Utils</Filter>
    </ClCompile>
    <ClCompile Include="Texture.cpp">
      <Filter>Archivos de origen\Utils</Filter>
    </ClCompile>
    <ClCompile Include="Utils.cpp">
      <Filter>Archivos de origen\Utils</Filter>
    </ClCompile>
    <ClCompile Include="Manager.cpp">
      <Filter>Archivos de origen\Utils</Filter>
    </ClCompile>
  </ItemGroup>
  <ItemGroup>
    <ClInclude Include="daRender.hpp">
      <Filter>Archivos de origen\SDLUtils</Filter>
    </ClInclude>
    <ClInclude Include="Math.hpp">
      <Filter>Archivos de origen\Other</Filter>
    </ClInclude>
    <ClInclude Include="Singleton.hpp">
      <Filter>Archivos de origen\SDLUtils</Filter>
    </ClInclude>
    <ClInclude Include="Vector2D.hpp">
      <Filter>Archivos de origen\SDLUtils</Filter>
    </ClInclude>
    <ClInclude Include="Utils.hpp">
      <Filter>Archivos de origen\SDLUtils</Filter>
    </ClInclude>
    <ClInclude Include="Texture.hpp">
      <Filter>Archivos de origen\SDLUtils</Filter>
    </ClInclude>
    <ClInclude Include="Manager.hpp">
      <Filter>Archivos de origen\SDLUtils</Filter>
    </ClInclude>
    <ClInclude Include="Component.hpp">
      <Filter>Archivos de origen\SDLUtils</Filter>
    </ClInclude>
    <ClInclude Include="ecs.hpp">
      <Filter>Archivos de origen\SDLUtils</Filter>
    </ClInclude>
    <ClInclude Include="EntityFr.hpp">
      <Filter>Archivos de origen\SDLUtils</Filter>
    </ClInclude>
  </ItemGroup>
</Project>